// !$*UTF8*$!
{
	archiveVersion = 1;
	classes = {
	};
	objectVersion = 48;
	objects = {

/* Begin PBXBuildFile section */
		30345F2B20A9062200B9B963 /* Window.cpp in Sources */ = {isa = PBXBuildFile; fileRef = 30345F2A20A9062200B9B963 /* Window.cpp */; };
		30345F4620AA1BE300B9B963 /* libsr.a in Frameworks */ = {isa = PBXBuildFile; fileRef = 30345F4320AA1B7E00B9B963 /* libsr.a */; };
		30345F4C20AA1C0600B9B963 /* cube.mtl in Resources */ = {isa = PBXBuildFile; fileRef = 30345F4920AA1C0600B9B963 /* cube.mtl */; };
		30345F4D20AA1C0600B9B963 /* cube.obj in Resources */ = {isa = PBXBuildFile; fileRef = 30345F4A20AA1C0600B9B963 /* cube.obj */; };
		30345F4F20AA1C7A00B9B963 /* cube.bmp in Resources */ = {isa = PBXBuildFile; fileRef = 30345F4E20AA1C7900B9B963 /* cube.bmp */; };
		306944B3205DF40A00C4969C /* Assets.xcassets in Resources */ = {isa = PBXBuildFile; fileRef = 306944B2205DF40A00C4969C /* Assets.xcassets */; };
		306944DC205DF43400C4969C /* main.cpp in Sources */ = {isa = PBXBuildFile; fileRef = 300984F2202D38FF00BB0340 /* main.cpp */; };
		306944DE205DF43400C4969C /* ApplicationMacOS.mm in Sources */ = {isa = PBXBuildFile; fileRef = 306944A6205DF13900C4969C /* ApplicationMacOS.mm */; };
		306944E1205E00A900C4969C /* WindowMacOS.mm in Sources */ = {isa = PBXBuildFile; fileRef = 306944E0205E00A900C4969C /* WindowMacOS.mm */; };
		306944E52068654C00C4969C /* IOKit.framework in Frameworks */ = {isa = PBXBuildFile; fileRef = 3071DEAB20425CEC0073390E /* IOKit.framework */; };
		306944E62068655200C4969C /* Foundation.framework in Frameworks */ = {isa = PBXBuildFile; fileRef = 3071DEA920425CE50073390E /* Foundation.framework */; };
		306944E82068655900C4969C /* Cocoa.framework in Frameworks */ = {isa = PBXBuildFile; fileRef = 306944E72068655900C4969C /* Cocoa.framework */; };
/* End PBXBuildFile section */

/* Begin PBXContainerItemProxy section */
		30345F4220AA1B7E00B9B963 /* PBXContainerItemProxy */ = {
			isa = PBXContainerItemProxy;
			containerPortal = 30C9637920A7DF2C00B54158 /* sr.xcodeproj */;
			proxyType = 2;
			remoteGlobalIDString = 30C9637220A7DEFF00B54158;
			remoteInfo = sr;
		};
/* End PBXContainerItemProxy section */

/* Begin PBXFileReference section */
		300984F2202D38FF00BB0340 /* main.cpp */ = {isa = PBXFileReference; lastKnownFileType = sourcecode.cpp.cpp; path = main.cpp; sourceTree = "<group>"; };
		30345F2A20A9062200B9B963 /* Window.cpp */ = {isa = PBXFileReference; lastKnownFileType = sourcecode.cpp.cpp; path = Window.cpp; sourceTree = "<group>"; };
		30345F4920AA1C0600B9B963 /* cube.mtl */ = {isa = PBXFileReference; fileEncoding = 4; lastKnownFileType = text; path = cube.mtl; sourceTree = "<group>"; };
		30345F4A20AA1C0600B9B963 /* cube.obj */ = {isa = PBXFileReference; fileEncoding = 4; lastKnownFileType = text; path = cube.obj; sourceTree = "<group>"; };
		30345F4E20AA1C7900B9B963 /* cube.bmp */ = {isa = PBXFileReference; lastKnownFileType = image.bmp; path = cube.bmp; sourceTree = "<group>"; };
		306944A6205DF13900C4969C /* ApplicationMacOS.mm */ = {isa = PBXFileReference; lastKnownFileType = sourcecode.cpp.objcpp; path = ApplicationMacOS.mm; sourceTree = "<group>"; };
		306944A8205DF15A00C4969C /* Application.hpp */ = {isa = PBXFileReference; lastKnownFileType = sourcecode.cpp.h; path = Application.hpp; sourceTree = "<group>"; };
		306944AD205DF40A00C4969C /* SoftwareRenderer.app */ = {isa = PBXFileReference; explicitFileType = wrapper.application; includeInIndex = 0; path = SoftwareRenderer.app; sourceTree = BUILT_PRODUCTS_DIR; };
		306944B2205DF40A00C4969C /* Assets.xcassets */ = {isa = PBXFileReference; lastKnownFileType = folder.assetcatalog; path = Assets.xcassets; sourceTree = "<group>"; };
		306944B7205DF40A00C4969C /* Info.plist */ = {isa = PBXFileReference; lastKnownFileType = text.plist.xml; path = Info.plist; sourceTree = "<group>"; };
		306944DF205E00A900C4969C /* Window.hpp */ = {isa = PBXFileReference; lastKnownFileType = sourcecode.cpp.h; path = Window.hpp; sourceTree = "<group>"; };
		306944E0205E00A900C4969C /* WindowMacOS.mm */ = {isa = PBXFileReference; lastKnownFileType = sourcecode.cpp.objcpp; path = WindowMacOS.mm; sourceTree = "<group>"; };
		306944E72068655900C4969C /* Cocoa.framework */ = {isa = PBXFileReference; lastKnownFileType = wrapper.framework; name = Cocoa.framework; path = System/Library/Frameworks/Cocoa.framework; sourceTree = SDKROOT; };
		3071DEA920425CE50073390E /* Foundation.framework */ = {isa = PBXFileReference; lastKnownFileType = wrapper.framework; name = Foundation.framework; path = System/Library/Frameworks/Foundation.framework; sourceTree = SDKROOT; };
		3071DEAB20425CEC0073390E /* IOKit.framework */ = {isa = PBXFileReference; lastKnownFileType = wrapper.framework; name = IOKit.framework; path = System/Library/Frameworks/IOKit.framework; sourceTree = SDKROOT; };
		30971FB2206BDA1C000D196D /* WindowMacOS.hpp */ = {isa = PBXFileReference; lastKnownFileType = sourcecode.cpp.h; path = WindowMacOS.hpp; sourceTree = "<group>"; };
		30C9637920A7DF2C00B54158 /* sr.xcodeproj */ = {isa = PBXFileReference; lastKnownFileType = "wrapper.pb-project"; name = sr.xcodeproj; path = ../build/sr.xcodeproj; sourceTree = "<group>"; };
		30DFA4B620ACDAAE007BEB42 /* TextureShader.hpp */ = {isa = PBXFileReference; lastKnownFileType = sourcecode.cpp.h; path = TextureShader.hpp; sourceTree = "<group>"; };
/* End PBXFileReference section */

/* Begin PBXFrameworksBuildPhase section */
		306944AA205DF40A00C4969C /* Frameworks */ = {
			isa = PBXFrameworksBuildPhase;
			buildActionMask = 2147483647;
			files = (
				30345F4620AA1BE300B9B963 /* libsr.a in Frameworks */,
				306944E82068655900C4969C /* Cocoa.framework in Frameworks */,
				306944E62068655200C4969C /* Foundation.framework in Frameworks */,
				306944E52068654C00C4969C /* IOKit.framework in Frameworks */,
			);
			runOnlyForDeploymentPostprocessing = 0;
		};
/* End PBXFrameworksBuildPhase section */

/* Begin PBXGroup section */
		300984E6202D38FF00BB0340 = {
			isa = PBXGroup;
			children = (
				30C9637920A7DF2C00B54158 /* sr.xcodeproj */,
				300984F1202D38FF00BB0340 /* demo */,
				306944AE205DF40A00C4969C /* macos */,
				300984F0202D38FF00BB0340 /* Products */,
				3071DEA820425CE50073390E /* Frameworks */,
			);
			sourceTree = "<group>";
		};
		300984F0202D38FF00BB0340 /* Products */ = {
			isa = PBXGroup;
			children = (
				306944AD205DF40A00C4969C /* SoftwareRenderer.app */,
			);
			name = Products;
			sourceTree = "<group>";
		};
		300984F1202D38FF00BB0340 /* demo */ = {
			isa = PBXGroup;
			children = (
				306944A8205DF15A00C4969C /* Application.hpp */,
				306944A6205DF13900C4969C /* ApplicationMacOS.mm */,
				300984F2202D38FF00BB0340 /* main.cpp */,
				30345F4720AA1BF300B9B963 /* Resources */,
				30345F2A20A9062200B9B963 /* Window.cpp */,
				306944DF205E00A900C4969C /* Window.hpp */,
				30971FB2206BDA1C000D196D /* WindowMacOS.hpp */,
				306944E0205E00A900C4969C /* WindowMacOS.mm */,
				30DFA4B620ACDAAE007BEB42 /* TextureShader.hpp */,
			);
			name = demo;
			sourceTree = "<group>";
		};
		30345F3F20AA1B7E00B9B963 /* Products */ = {
			isa = PBXGroup;
			children = (
				30345F4320AA1B7E00B9B963 /* libsr.a */,
			);
			name = Products;
			sourceTree = "<group>";
		};
		30345F4720AA1BF300B9B963 /* Resources */ = {
			isa = PBXGroup;
			children = (
				30345F4E20AA1C7900B9B963 /* cube.bmp */,
				30345F4920AA1C0600B9B963 /* cube.mtl */,
				30345F4A20AA1C0600B9B963 /* cube.obj */,
			);
			path = Resources;
			sourceTree = "<group>";
		};
		306944AE205DF40A00C4969C /* macos */ = {
			isa = PBXGroup;
			children = (
				306944B2205DF40A00C4969C /* Assets.xcassets */,
				306944B7205DF40A00C4969C /* Info.plist */,
			);
			path = macos;
			sourceTree = "<group>";
		};
		3071DEA820425CE50073390E /* Frameworks */ = {
			isa = PBXGroup;
			children = (
				306944E72068655900C4969C /* Cocoa.framework */,
				3071DEAB20425CEC0073390E /* IOKit.framework */,
				3071DEA920425CE50073390E /* Foundation.framework */,
			);
			name = Frameworks;
			sourceTree = "<group>";
		};
/* End PBXGroup section */

/* Begin PBXNativeTarget section */
		306944AC205DF40A00C4969C /* SoftwareRenderer */ = {
			isa = PBXNativeTarget;
			buildConfigurationList = 306944D1205DF40A00C4969C /* Build configuration list for PBXNativeTarget "SoftwareRenderer" */;
			buildPhases = (
				306944A9205DF40A00C4969C /* Sources */,
				306944AA205DF40A00C4969C /* Frameworks */,
				306944AB205DF40A00C4969C /* Resources */,
			);
			buildRules = (
			);
			dependencies = (
			);
			name = SoftwareRenderer;
			productName = SoftwareRenderer;
			productReference = 306944AD205DF40A00C4969C /* SoftwareRenderer.app */;
			productType = "com.apple.product-type.application";
		};
/* End PBXNativeTarget section */

/* Begin PBXProject section */
		300984E7202D38FF00BB0340 /* Project object */ = {
			isa = PBXProject;
			attributes = {
				LastUpgradeCheck = 0920;
				ORGANIZATIONNAME = "Elviss Strazdins";
				TargetAttributes = {
					306944AC205DF40A00C4969C = {
						CreatedOnToolsVersion = 9.2;
						ProvisioningStyle = Automatic;
					};
				};
			};
			buildConfigurationList = 300984EA202D38FF00BB0340 /* Build configuration list for PBXProject "SoftwareRenderer" */;
			compatibilityVersion = "Xcode 8.0";
			developmentRegion = en;
			hasScannedForEncodings = 0;
			knownRegions = (
				en,
				Base,
			);
			mainGroup = 300984E6202D38FF00BB0340;
			productRefGroup = 300984F0202D38FF00BB0340 /* Products */;
			projectDirPath = "";
			projectReferences = (
				{
					ProductGroup = 30345F3F20AA1B7E00B9B963 /* Products */;
					ProjectRef = 30C9637920A7DF2C00B54158 /* sr.xcodeproj */;
				},
			);
			projectRoot = "";
			targets = (
				306944AC205DF40A00C4969C /* SoftwareRenderer */,
			);
		};
/* End PBXProject section */

/* Begin PBXReferenceProxy section */
		30345F4320AA1B7E00B9B963 /* libsr.a */ = {
			isa = PBXReferenceProxy;
			fileType = archive.ar;
			path = libsr.a;
			remoteRef = 30345F4220AA1B7E00B9B963 /* PBXContainerItemProxy */;
			sourceTree = BUILT_PRODUCTS_DIR;
		};
/* End PBXReferenceProxy section */

/* Begin PBXResourcesBuildPhase section */
		306944AB205DF40A00C4969C /* Resources */ = {
			isa = PBXResourcesBuildPhase;
			buildActionMask = 2147483647;
			files = (
				30345F4F20AA1C7A00B9B963 /* cube.bmp in Resources */,
				30345F4D20AA1C0600B9B963 /* cube.obj in Resources */,
				30345F4C20AA1C0600B9B963 /* cube.mtl in Resources */,
				306944B3205DF40A00C4969C /* Assets.xcassets in Resources */,
			);
			runOnlyForDeploymentPostprocessing = 0;
		};
/* End PBXResourcesBuildPhase section */

/* Begin PBXSourcesBuildPhase section */
		306944A9205DF40A00C4969C /* Sources */ = {
			isa = PBXSourcesBuildPhase;
			buildActionMask = 2147483647;
			files = (
				306944DC205DF43400C4969C /* main.cpp in Sources */,
				306944DE205DF43400C4969C /* ApplicationMacOS.mm in Sources */,
				306944E1205E00A900C4969C /* WindowMacOS.mm in Sources */,
				30345F2B20A9062200B9B963 /* Window.cpp in Sources */,
			);
			runOnlyForDeploymentPostprocessing = 0;
		};
/* End PBXSourcesBuildPhase section */

/* Begin XCBuildConfiguration section */
		300984F4202D38FF00BB0340 /* Debug */ = {
			isa = XCBuildConfiguration;
			buildSettings = {
				ALWAYS_SEARCH_USER_PATHS = NO;
				CLANG_ANALYZER_NONNULL = YES;
				CLANG_ANALYZER_NUMBER_OBJECT_CONVERSION = YES_AGGRESSIVE;
				CLANG_CXX_LANGUAGE_STANDARD = "c++0x";
				CLANG_CXX_LIBRARY = "libc++";
				CLANG_WARN_BOOL_CONVERSION = YES;
				CLANG_WARN_COMMA = YES;
				CLANG_WARN_CONSTANT_CONVERSION = YES;
				CLANG_WARN_DIRECT_OBJC_ISA_USAGE = YES_ERROR;
				CLANG_WARN_EMPTY_BODY = YES;
				CLANG_WARN_ENUM_CONVERSION = YES;
				CLANG_WARN_INFINITE_RECURSION = YES;
				CLANG_WARN_INT_CONVERSION = YES;
				CLANG_WARN_NON_LITERAL_NULL_CONVERSION = YES;
				CLANG_WARN_OBJC_ROOT_CLASS = YES_ERROR;
				CLANG_WARN_STRICT_PROTOTYPES = YES;
				CLANG_WARN_SUSPICIOUS_MOVE = YES;
				CLANG_WARN_UNGUARDED_AVAILABILITY = YES_AGGRESSIVE;
				CLANG_WARN_UNREACHABLE_CODE = YES;
				CLANG_WARN__DUPLICATE_METHOD_MATCH = YES;
				COPY_PHASE_STRIP = NO;
				DEBUG_INFORMATION_FORMAT = dwarf;
				ENABLE_STRICT_OBJC_MSGSEND = YES;
				ENABLE_TESTABILITY = YES;
				GCC_DYNAMIC_NO_PIC = NO;
				GCC_NO_COMMON_BLOCKS = YES;
				GCC_OPTIMIZATION_LEVEL = 0;
				GCC_PREPROCESSOR_DEFINITIONS = (
					"DEBUG=1",
					"$(inherited)",
				);
				GCC_WARN_64_TO_32_BIT_CONVERSION = YES;
				GCC_WARN_ABOUT_RETURN_TYPE = YES_ERROR;
				GCC_WARN_UNDECLARED_SELECTOR = YES;
				GCC_WARN_UNINITIALIZED_AUTOS = YES_AGGRESSIVE;
				GCC_WARN_UNUSED_FUNCTION = YES;
				GCC_WARN_UNUSED_VARIABLE = YES;
				MTL_ENABLE_DEBUG_INFO = YES;
				ONLY_ACTIVE_ARCH = YES;
				SDKROOT = macosx;
			};
			name = Debug;
		};
		300984F5202D38FF00BB0340 /* Release */ = {
			isa = XCBuildConfiguration;
			buildSettings = {
				ALWAYS_SEARCH_USER_PATHS = NO;
				CLANG_ANALYZER_NONNULL = YES;
				CLANG_ANALYZER_NUMBER_OBJECT_CONVERSION = YES_AGGRESSIVE;
				CLANG_CXX_LANGUAGE_STANDARD = "c++0x";
				CLANG_CXX_LIBRARY = "libc++";
				CLANG_WARN_BOOL_CONVERSION = YES;
				CLANG_WARN_COMMA = YES;
				CLANG_WARN_CONSTANT_CONVERSION = YES;
				CLANG_WARN_DIRECT_OBJC_ISA_USAGE = YES_ERROR;
				CLANG_WARN_EMPTY_BODY = YES;
				CLANG_WARN_ENUM_CONVERSION = YES;
				CLANG_WARN_INFINITE_RECURSION = YES;
				CLANG_WARN_INT_CONVERSION = YES;
				CLANG_WARN_NON_LITERAL_NULL_CONVERSION = YES;
				CLANG_WARN_OBJC_ROOT_CLASS = YES_ERROR;
				CLANG_WARN_STRICT_PROTOTYPES = YES;
				CLANG_WARN_SUSPICIOUS_MOVE = YES;
				CLANG_WARN_UNGUARDED_AVAILABILITY = YES_AGGRESSIVE;
				CLANG_WARN_UNREACHABLE_CODE = YES;
				CLANG_WARN__DUPLICATE_METHOD_MATCH = YES;
				COPY_PHASE_STRIP = NO;
				DEBUG_INFORMATION_FORMAT = "dwarf-with-dsym";
				ENABLE_NS_ASSERTIONS = NO;
				ENABLE_STRICT_OBJC_MSGSEND = YES;
				GCC_NO_COMMON_BLOCKS = YES;
				GCC_WARN_64_TO_32_BIT_CONVERSION = YES;
				GCC_WARN_ABOUT_RETURN_TYPE = YES_ERROR;
				GCC_WARN_UNDECLARED_SELECTOR = YES;
				GCC_WARN_UNINITIALIZED_AUTOS = YES_AGGRESSIVE;
				GCC_WARN_UNUSED_FUNCTION = YES;
				GCC_WARN_UNUSED_VARIABLE = YES;
				MTL_ENABLE_DEBUG_INFO = NO;
				SDKROOT = macosx;
			};
			name = Release;
		};
		306944D2205DF40A00C4969C /* Debug */ = {
			isa = XCBuildConfiguration;
			buildSettings = {
				ASSETCATALOG_COMPILER_APPICON_NAME = AppIcon;
				CLANG_WARN_BLOCK_CAPTURE_AUTORELEASING = YES;
				CLANG_WARN_DOCUMENTATION_COMMENTS = YES;
				CLANG_WARN_OBJC_LITERAL_CONVERSION = YES;
				CLANG_WARN_RANGE_LOOP_ANALYSIS = YES;
				HEADER_SEARCH_PATHS = ../sr;
				INFOPLIST_FILE = macos/Info.plist;
				LD_RUNPATH_SEARCH_PATHS = "$(inherited) @executable_path/../Frameworks";
				PRODUCT_BUNDLE_IDENTIFIER = lv.elviss.softwarerenderer;
				PRODUCT_NAME = "$(TARGET_NAME)";
			};
			name = Debug;
		};
		306944D3205DF40A00C4969C /* Release */ = {
			isa = XCBuildConfiguration;
			buildSettings = {
				ASSETCATALOG_COMPILER_APPICON_NAME = AppIcon;
				CLANG_WARN_BLOCK_CAPTURE_AUTORELEASING = YES;
				CLANG_WARN_DOCUMENTATION_COMMENTS = YES;
				CLANG_WARN_OBJC_LITERAL_CONVERSION = YES;
				CLANG_WARN_RANGE_LOOP_ANALYSIS = YES;
				HEADER_SEARCH_PATHS = ../sr;
				INFOPLIST_FILE = macos/Info.plist;
				LD_RUNPATH_SEARCH_PATHS = "$(inherited) @executable_path/../Frameworks";
				PRODUCT_BUNDLE_IDENTIFIER = lv.elviss.softwarerenderer;
				PRODUCT_NAME = "$(TARGET_NAME)";
			};
			name = Release;
		};
/* End XCBuildConfiguration section */

/* Begin XCConfigurationList section */
		300984EA202D38FF00BB0340 /* Build configuration list for PBXProject "SoftwareRenderer" */ = {
			isa = XCConfigurationList;
			buildConfigurations = (
				300984F4202D38FF00BB0340 /* Debug */,
				300984F5202D38FF00BB0340 /* Release */,
			);
			defaultConfigurationIsVisible = 0;
			defaultConfigurationName = Release;
		};
		306944D1205DF40A00C4969C /* Build configuration list for PBXNativeTarget "SoftwareRenderer" */ = {
			isa = XCConfigurationList;
			buildConfigurations = (
				306944D2205DF40A00C4969C /* Debug */,
				306944D3205DF40A00C4969C /* Release */,
			);
			defaultConfigurationIsVisible = 0;
			defaultConfigurationName = Release;
		};
/* End XCConfigurationList section */
	};
	rootObject = 300984E7202D38FF00BB0340 /* Project object */;
}
